
Microsoft Visual Studio Solution File, Format Version 12.00
# Visual Studio Version 17
VisualStudioVersion = 17.11.35312.102
MinimumVisualStudioVersion = 10.0.40219.1
Project("{FAE04EC0-301F-11D3-BF4B-00C04F79EFBC}") = "UserIdentityAndJWTToken", "UserIdentityAndJWTToken\UserIdentityAndJWTToken.csproj", "{0206BB28-217F-4413-90EA-BDF6E6097775}"
EndProject
Project("{FAE04EC0-301F-11D3-BF4B-00C04F79EFBC}") = "Infrastructure", "Infrastructure\Infrastructure.csproj", "{F6B02028-D863-4CFB-89BA-FA879455B817}"
EndProject
Project("{FAE04EC0-301F-11D3-BF4B-00C04F79EFBC}") = "Application", "Application\Application.csproj", "{AEBD98F4-565A-4AA6-A4C3-9E8A960583DF}"
EndProject
Global
	GlobalSection(SolutionConfigurationPlatforms) = preSolution
		Debug|Any CPU = Debug|Any CPU
		Release|Any CPU = Release|Any CPU
	EndGlobalSection
	GlobalSection(ProjectConfigurationPlatforms) = postSolution
		{0206BB28-217F-4413-90EA-BDF6E6097775}.Debug|Any CPU.ActiveCfg = Debug|Any CPU
		{0206BB28-217F-4413-90EA-BDF6E6097775}.Debug|Any CPU.Build.0 = Debug|Any CPU
		{0206BB28-217F-4413-90EA-BDF6E6097775}.Release|Any CPU.ActiveCfg = Release|Any CPU
		{0206BB28-217F-4413-90EA-BDF6E6097775}.Release|Any CPU.Build.0 = Release|Any CPU
		{F6B02028-D863-4CFB-89BA-FA879455B817}.Debug|Any CPU.ActiveCfg = Debug|Any CPU
		{F6B02028-D863-4CFB-89BA-FA879455B817}.Debug|Any CPU.Build.0 = Debug|Any CPU
		{F6B02028-D863-4CFB-89BA-FA879455B817}.Release|Any CPU.ActiveCfg = Release|Any CPU
		{F6B02028-D863-4CFB-89BA-FA879455B817}.Release|Any CPU.Build.0 = Release|Any CPU
		{AEBD98F4-565A-4AA6-A4C3-9E8A960583DF}.Debug|Any CPU.ActiveCfg = Debug|Any CPU
		{AEBD98F4-565A-4AA6-A4C3-9E8A960583DF}.Debug|Any CPU.Build.0 = Debug|Any CPU
		{AEBD98F4-565A-4AA6-A4C3-9E8A960583DF}.Release|Any CPU.ActiveCfg = Release|Any CPU
		{AEBD98F4-565A-4AA6-A4C3-9E8A960583DF}.Release|Any CPU.Build.0 = Release|Any CPU
	EndGlobalSection
	GlobalSection(SolutionProperties) = preSolution
		HideSolutionNode = FALSE
	EndGlobalSection
	GlobalSection(ExtensibilityGlobals) = postSolution
		SolutionGuid = {9CE82BCB-1BFF-4EA6-A0CD-45C3EF4FDD3F}
	EndGlobalSection
EndGlobal
